PODS:
  - Mantle (2.2.0):
    - Mantle/extobjc (= 2.2.0)
  - Mantle/extobjc (2.2.0)
  - Realm (20.0.0):
    - Realm/Headers (= 20.0.0)
  - Realm/Headers (20.0.0)
  - RealmSwift (20.0.0):
    - Realm (= 20.0.0)
  - SnapKit (5.7.1)

DEPENDENCIES:
  - Mantle
  - RealmSwift
  - SnapKit

SPEC REPOS:
  trunk:
    - Mantle
    - Realm
    - RealmSwift
    - SnapKit

SPEC CHECKSUMS:
  Mantle: c5aa8794a29a022dfbbfc9799af95f477a69b62d
  Realm: a799b5f9145623fb0bfe149fe81422863631dd0f
  RealmSwift: f8c4354ebd5053343e6ab9f4eda244145308a51e
  SnapKit: d612e99e678a2d3b95bf60b0705ed0a35c03484a

PODFILE CHECKSUM: 7cc558de92e8922b86186219638e364b738a954c

COCOAPODS: 1.15.2
